// !$*UTF8*$!
{
	archiveVersion = 1;
	classes = {
	};
	objectVersion = 50;
	objects = {

/* Begin PBXBuildFile section */
		3C65D5B796D1F68982174B9F /* Pods_Boom.framework in Frameworks */ = {isa = PBXBuildFile; fileRef = 87DD2BC2D216853BD5D2077F /* Pods_Boom.framework */; };
		5238CB4020C0533B00EA3356 /* PhoneViewController.m in Sources */ = {isa = PBXBuildFile; fileRef = 5238CB3C20C0533A00EA3356 /* PhoneViewController.m */; };
		5238CB4120C0533B00EA3356 /* CodeViewController.m in Sources */ = {isa = PBXBuildFile; fileRef = 5238CB3F20C0533B00EA3356 /* CodeViewController.m */; };
		528343A720BFE7E100EA3910 /* AppDelegate.m in Sources */ = {isa = PBXBuildFile; fileRef = 528343A620BFE7E100EA3910 /* AppDelegate.m */; };
		528343AD20BFE7E100EA3910 /* Main.storyboard in Resources */ = {isa = PBXBuildFile; fileRef = 528343AB20BFE7E100EA3910 /* Main.storyboard */; };
		528343AF20BFE7E200EA3910 /* Assets.xcassets in Resources */ = {isa = PBXBuildFile; fileRef = 528343AE20BFE7E200EA3910 /* Assets.xcassets */; };
		528343B220BFE7E200EA3910 /* LaunchScreen.storyboard in Resources */ = {isa = PBXBuildFile; fileRef = 528343B020BFE7E200EA3910 /* LaunchScreen.storyboard */; };
		528343B520BFE7E200EA3910 /* main.m in Sources */ = {isa = PBXBuildFile; fileRef = 528343B420BFE7E200EA3910 /* main.m */; };
/* End PBXBuildFile section */

/* Begin PBXFileReference section */
		3372CC4D2EE151442F9DF2D9 /* Pods-Boom.release.xcconfig */ = {isa = PBXFileReference; includeInIndex = 1; lastKnownFileType = text.xcconfig; name = "Pods-Boom.release.xcconfig"; path = "Pods/Target Support Files/Pods-Boom/Pods-Boom.release.xcconfig"; sourceTree = "<group>"; };
		5238CB3B20C051C200EA3356 /* Boom.entitlements */ = {isa = PBXFileReference; lastKnownFileType = text.plist.entitlements; path = Boom.entitlements; sourceTree = "<group>"; };
		5238CB3C20C0533A00EA3356 /* PhoneViewController.m */ = {isa = PBXFileReference; fileEncoding = 4; lastKnownFileType = sourcecode.c.objc; path = PhoneViewController.m; sourceTree = "<group>"; };
		5238CB3D20C0533B00EA3356 /* CodeViewController.h */ = {isa = PBXFileReference; fileEncoding = 4; lastKnownFileType = sourcecode.c.h; path = CodeViewController.h; sourceTree = "<group>"; };
		5238CB3E20C0533B00EA3356 /* PhoneViewController.h */ = {isa = PBXFileReference; fileEncoding = 4; lastKnownFileType = sourcecode.c.h; path = PhoneViewController.h; sourceTree = "<group>"; };
		5238CB3F20C0533B00EA3356 /* CodeViewController.m */ = {isa = PBXFileReference; fileEncoding = 4; lastKnownFileType = sourcecode.c.objc; path = CodeViewController.m; sourceTree = "<group>"; };
		528343A220BFE7E100EA3910 /* Boom.app */ = {isa = PBXFileReference; explicitFileType = wrapper.application; includeInIndex = 0; path = Boom.app; sourceTree = BUILT_PRODUCTS_DIR; };
		528343A520BFE7E100EA3910 /* AppDelegate.h */ = {isa = PBXFileReference; lastKnownFileType = sourcecode.c.h; path = AppDelegate.h; sourceTree = "<group>"; };
		528343A620BFE7E100EA3910 /* AppDelegate.m */ = {isa = PBXFileReference; lastKnownFileType = sourcecode.c.objc; path = AppDelegate.m; sourceTree = "<group>"; };
		528343AC20BFE7E100EA3910 /* Base */ = {isa = PBXFileReference; lastKnownFileType = file.storyboard; name = Base; path = Base.lproj/Main.storyboard; sourceTree = "<group>"; };
		528343AE20BFE7E200EA3910 /* Assets.xcassets */ = {isa = PBXFileReference; lastKnownFileType = folder.assetcatalog; path = Assets.xcassets; sourceTree = "<group>"; };
		528343B120BFE7E200EA3910 /* Base */ = {isa = PBXFileReference; lastKnownFileType = file.storyboard; name = Base; path = Base.lproj/LaunchScreen.storyboard; sourceTree = "<group>"; };
		528343B320BFE7E200EA3910 /* Info.plist */ = {isa = PBXFileReference; lastKnownFileType = text.plist.xml; path = Info.plist; sourceTree = "<group>"; };
		528343B420BFE7E200EA3910 /* main.m */ = {isa = PBXFileReference; lastKnownFileType = sourcecode.c.objc; path = main.m; sourceTree = "<group>"; };
		87DD2BC2D216853BD5D2077F /* Pods_Boom.framework */ = {isa = PBXFileReference; explicitFileType = wrapper.framework; includeInIndex = 0; path = Pods_Boom.framework; sourceTree = BUILT_PRODUCTS_DIR; };
		DD754ABBFB80C1E1306DB599 /* Pods-Boom.debug.xcconfig */ = {isa = PBXFileReference; includeInIndex = 1; lastKnownFileType = text.xcconfig; name = "Pods-Boom.debug.xcconfig"; path = "Pods/Target Support Files/Pods-Boom/Pods-Boom.debug.xcconfig"; sourceTree = "<group>"; };
/* End PBXFileReference section */

/* Begin PBXFrameworksBuildPhase section */
		5283439F20BFE7E100EA3910 /* Frameworks */ = {
			isa = PBXFrameworksBuildPhase;
			buildActionMask = 2147483647;
			files = (
				3C65D5B796D1F68982174B9F /* Pods_Boom.framework in Frameworks */,
			);
			runOnlyForDeploymentPostprocessing = 0;
		};
/* End PBXFrameworksBuildPhase section */

/* Begin PBXGroup section */
		5283439920BFE7E100EA3910 = {
			isa = PBXGroup;
			children = (
				528343A420BFE7E100EA3910 /* Boom */,
				528343A320BFE7E100EA3910 /* Products */,
				B4F17D8DE14F526F87325981 /* Pods */,
				EA094BC8A763DEA6FF8306A5 /* Frameworks */,
			);
			sourceTree = "<group>";
		};
		528343A320BFE7E100EA3910 /* Products */ = {
			isa = PBXGroup;
			children = (
				528343A220BFE7E100EA3910 /* Boom.app */,
			);
			name = Products;
			sourceTree = "<group>";
		};
		528343A420BFE7E100EA3910 /* Boom */ = {
			isa = PBXGroup;
			children = (
				5238CB3B20C051C200EA3356 /* Boom.entitlements */,
				528343A520BFE7E100EA3910 /* AppDelegate.h */,
				528343A620BFE7E100EA3910 /* AppDelegate.m */,
				5238CB3D20C0533B00EA3356 /* CodeViewController.h */,
				5238CB3F20C0533B00EA3356 /* CodeViewController.m */,
				5238CB3E20C0533B00EA3356 /* PhoneViewController.h */,
				5238CB3C20C0533A00EA3356 /* PhoneViewController.m */,
				528343AB20BFE7E100EA3910 /* Main.storyboard */,
				528343AE20BFE7E200EA3910 /* Assets.xcassets */,
				528343B020BFE7E200EA3910 /* LaunchScreen.storyboard */,
				528343B320BFE7E200EA3910 /* Info.plist */,
				528343B420BFE7E200EA3910 /* main.m */,
			);
			path = Boom;
			sourceTree = "<group>";
		};
		B4F17D8DE14F526F87325981 /* Pods */ = {
			isa = PBXGroup;
			children = (
				DD754ABBFB80C1E1306DB599 /* Pods-Boom.debug.xcconfig */,
				3372CC4D2EE151442F9DF2D9 /* Pods-Boom.release.xcconfig */,
			);
			name = Pods;
			sourceTree = "<group>";
		};
		EA094BC8A763DEA6FF8306A5 /* Frameworks */ = {
			isa = PBXGroup;
			children = (
				87DD2BC2D216853BD5D2077F /* Pods_Boom.framework */,
			);
			name = Frameworks;
			sourceTree = "<group>";
		};
/* End PBXGroup section */

/* Begin PBXNativeTarget section */
		528343A120BFE7E100EA3910 /* Boom */ = {
			isa = PBXNativeTarget;
			buildConfigurationList = 528343B820BFE7E200EA3910 /* Build configuration list for PBXNativeTarget "Boom" */;
			buildPhases = (
				1C881701906C6AF43D05345A /* [CP] Check Pods Manifest.lock */,
				5283439E20BFE7E100EA3910 /* Sources */,
				5283439F20BFE7E100EA3910 /* Frameworks */,
				528343A020BFE7E100EA3910 /* Resources */,
			);
			buildRules = (
			);
			dependencies = (
			);
			name = Boom;
			productName = Boom;
			productReference = 528343A220BFE7E100EA3910 /* Boom.app */;
			productType = "com.apple.product-type.application";
		};
/* End PBXNativeTarget section */

/* Begin PBXProject section */
		5283439A20BFE7E100EA3910 /* Project object */ = {
			isa = PBXProject;
			attributes = {
				LastUpgradeCheck = 0940;
				ORGANIZATIONNAME = Boomware;
				TargetAttributes = {
					528343A120BFE7E100EA3910 = {
						CreatedOnToolsVersion = 9.4;
						SystemCapabilities = {
							com.apple.BackgroundModes = {
								enabled = 1;
							};
							com.apple.NearFieldCommunicationTagReading = {
								enabled = 0;
							};
							com.apple.Push = {
								enabled = 1;
							};
						};
					};
				};
			};
			buildConfigurationList = 5283439D20BFE7E100EA3910 /* Build configuration list for PBXProject "Boom" */;
			compatibilityVersion = "Xcode 9.3";
			developmentRegion = en;
			hasScannedForEncodings = 0;
			knownRegions = (
				en,
				Base,
			);
			mainGroup = 5283439920BFE7E100EA3910;
			productRefGroup = 528343A320BFE7E100EA3910 /* Products */;
			projectDirPath = "";
			projectRoot = "";
			targets = (
				528343A120BFE7E100EA3910 /* Boom */,
			);
		};
/* End PBXProject section */

/* Begin PBXResourcesBuildPhase section */
		528343A020BFE7E100EA3910 /* Resources */ = {
			isa = PBXResourcesBuildPhase;
			buildActionMask = 2147483647;
			files = (
				528343B220BFE7E200EA3910 /* LaunchScreen.storyboard in Resources */,
				528343AF20BFE7E200EA3910 /* Assets.xcassets in Resources */,
				528343AD20BFE7E100EA3910 /* Main.storyboard in Resources */,
			);
			runOnlyForDeploymentPostprocessing = 0;
		};
/* End PBXResourcesBuildPhase section */

/* Begin PBXShellScriptBuildPhase section */
		1C881701906C6AF43D05345A /* [CP] Check Pods Manifest.lock */ = {
			isa = PBXShellScriptBuildPhase;
			buildActionMask = 2147483647;
			files = (
			);
			inputPaths = (
				"${PODS_PODFILE_DIR_PATH}/Podfile.lock",
				"${PODS_ROOT}/Manifest.lock",
			);
			name = "[CP] Check Pods Manifest.lock";
			outputPaths = (
				"$(DERIVED_FILE_DIR)/Pods-Boom-checkManifestLockResult.txt",
			);
			runOnlyForDeploymentPostprocessing = 0;
			shellPath = /bin/sh;
			shellScript = "diff \"${PODS_PODFILE_DIR_PATH}/Podfile.lock\" \"${PODS_ROOT}/Manifest.lock\" > /dev/null\nif [ $? != 0 ] ; then\n    # print error to STDERR\n    echo \"error: The sandbox is not in sync with the Podfile.lock. Run 'pod install' or update your CocoaPods installation.\" >&2\n    exit 1\nfi\n# This output is used by Xcode 'outputs' to avoid re-running this script phase.\necho \"SUCCESS\" > \"${SCRIPT_OUTPUT_FILE_0}\"\n";
			showEnvVarsInLog = 0;
		};
/* End PBXShellScriptBuildPhase section */

/* Begin PBXSourcesBuildPhase section */
		5283439E20BFE7E100EA3910 /* Sources */ = {
			isa = PBXSourcesBuildPhase;
			buildActionMask = 2147483647;
			files = (
				5238CB4120C0533B00EA3356 /* CodeViewController.m in Sources */,
				5238CB4020C0533B00EA3356 /* PhoneViewController.m in Sources */,
				528343B520BFE7E200EA3910 /* main.m in Sources */,
				528343A720BFE7E100EA3910 /* AppDelegate.m in Sources */,
			);
			runOnlyForDeploymentPostprocessing = 0;
		};
/* End PBXSourcesBuildPhase section */

/* Begin PBXVariantGroup section */
		528343AB20BFE7E100EA3910 /* Main.storyboard */ = {
			isa = PBXVariantGroup;
			children = (
				528343AC20BFE7E100EA3910 /* Base */,
			);
			name = Main.storyboard;
			sourceTree = "<group>";
		};
		528343B020BFE7E200EA3910 /* LaunchScreen.storyboard */ = {
			isa = PBXVariantGroup;
			children = (
				528343B120BFE7E200EA3910 /* Base */,
			);
			name = LaunchScreen.storyboard;
			sourceTree = "<group>";
		};
/* End PBXVariantGroup section */

/* Begin XCBuildConfiguration section */
		528343B620BFE7E200EA3910 /* Debug */ = {
			isa = XCBuildConfiguration;
			buildSettings = {
				ALWAYS_SEARCH_USER_PATHS = NO;
				CLANG_ANALYZER_NONNULL = YES;
				CLANG_ANALYZER_NUMBER_OBJECT_CONVERSION = YES_AGGRESSIVE;
				CLANG_CXX_LANGUAGE_STANDARD = "gnu++14";
				CLANG_CXX_LIBRARY = "libc++";
				CLANG_ENABLE_MODULES = YES;
				CLANG_ENABLE_OBJC_ARC = YES;
				CLANG_ENABLE_OBJC_WEAK = YES;
				CLANG_WARN_BLOCK_CAPTURE_AUTORELEASING = YES;
				CLANG_WARN_BOOL_CONVERSION = YES;
				CLANG_WARN_COMMA = YES;
				CLANG_WARN_CONSTANT_CONVERSION = YES;
				CLANG_WARN_DEPRECATED_OBJC_IMPLEMENTATIONS = YES;
				CLANG_WARN_DIRECT_OBJC_ISA_USAGE = YES_ERROR;
				CLANG_WARN_DOCUMENTATION_COMMENTS = YES;
				CLANG_WARN_EMPTY_BODY = YES;
				CLANG_WARN_ENUM_CONVERSION = YES;
				CLANG_WARN_INFINITE_RECURSION = YES;
				CLANG_WARN_INT_CONVERSION = YES;
				CLANG_WARN_NON_LITERAL_NULL_CONVERSION = YES;
				CLANG_WARN_OBJC_IMPLICIT_RETAIN_SELF = YES;
				CLANG_WARN_OBJC_LITERAL_CONVERSION = YES;
				CLANG_WARN_OBJC_ROOT_CLASS = YES_ERROR;
				CLANG_WARN_RANGE_LOOP_ANALYSIS = YES;
				CLANG_WARN_STRICT_PROTOTYPES = YES;
				CLANG_WARN_SUSPICIOUS_MOVE = YES;
				CLANG_WARN_UNGUARDED_AVAILABILITY = YES_AGGRESSIVE;
				CLANG_WARN_UNREACHABLE_CODE = YES;
				CLANG_WARN__DUPLICATE_METHOD_MATCH = YES;
				CODE_SIGN_IDENTITY = "iPhone Developer";
				COPY_PHASE_STRIP = NO;
				DEBUG_INFORMATION_FORMAT = dwarf;
				ENABLE_STRICT_OBJC_MSGSEND = YES;
				ENABLE_TESTABILITY = YES;
				GCC_C_LANGUAGE_STANDARD = gnu11;
				GCC_DYNAMIC_NO_PIC = NO;
				GCC_NO_COMMON_BLOCKS = YES;
				GCC_OPTIMIZATION_LEVEL = 0;
				GCC_PREPROCESSOR_DEFINITIONS = (
					"DEBUG=1",
					"$(inherited)",
				);
				GCC_WARN_64_TO_32_BIT_CONVERSION = YES;
				GCC_WARN_ABOUT_RETURN_TYPE = YES_ERROR;
				GCC_WARN_UNDECLARED_SELECTOR = YES;
				GCC_WARN_UNINITIALIZED_AUTOS = YES_AGGRESSIVE;
				GCC_WARN_UNUSED_FUNCTION = YES;
				GCC_WARN_UNUSED_VARIABLE = YES;
				IPHONEOS_DEPLOYMENT_TARGET = 11.4;
				MTL_ENABLE_DEBUG_INFO = YES;
				ONLY_ACTIVE_ARCH = YES;
				SDKROOT = iphoneos;
			};
			name = Debug;
		};
		528343B720BFE7E200EA3910 /* Release */ = {
			isa = XCBuildConfiguration;
			buildSettings = {
				ALWAYS_SEARCH_USER_PATHS = NO;
				CLANG_ANALYZER_NONNULL = YES;
				CLANG_ANALYZER_NUMBER_OBJECT_CONVERSION = YES_AGGRESSIVE;
				CLANG_CXX_LANGUAGE_STANDARD = "gnu++14";
				CLANG_CXX_LIBRARY = "libc++";
				CLANG_ENABLE_MODULES = YES;
				CLANG_ENABLE_OBJC_ARC = YES;
				CLANG_ENABLE_OBJC_WEAK = YES;
				CLANG_WARN_BLOCK_CAPTURE_AUTORELEASING = YES;
				CLANG_WARN_BOOL_CONVERSION = YES;
				CLANG_WARN_COMMA = YES;
				CLANG_WARN_CONSTANT_CONVERSION = YES;
				CLANG_WARN_DEPRECATED_OBJC_IMPLEMENTATIONS = YES;
				CLANG_WARN_DIRECT_OBJC_ISA_USAGE = YES_ERROR;
				CLANG_WARN_DOCUMENTATION_COMMENTS = YES;
				CLANG_WARN_EMPTY_BODY = YES;
				CLANG_WARN_ENUM_CONVERSION = YES;
				CLANG_WARN_INFINITE_RECURSION = YES;
				CLANG_WARN_INT_CONVERSION = YES;
				CLANG_WARN_NON_LITERAL_NULL_CONVERSION = YES;
				CLANG_WARN_OBJC_IMPLICIT_RETAIN_SELF = YES;
				CLANG_WARN_OBJC_LITERAL_CONVERSION = YES;
				CLANG_WARN_OBJC_ROOT_CLASS = YES_ERROR;
				CLANG_WARN_RANGE_LOOP_ANALYSIS = YES;
				CLANG_WARN_STRICT_PROTOTYPES = YES;
				CLANG_WARN_SUSPICIOUS_MOVE = YES;
				CLANG_WARN_UNGUARDED_AVAILABILITY = YES_AGGRESSIVE;
				CLANG_WARN_UNREACHABLE_CODE = YES;
				CLANG_WARN__DUPLICATE_METHOD_MATCH = YES;
				CODE_SIGN_IDENTITY = "iPhone Developer";
				COPY_PHASE_STRIP = NO;
				DEBUG_INFORMATION_FORMAT = "dwarf-with-dsym";
				ENABLE_NS_ASSERTIONS = NO;
				ENABLE_STRICT_OBJC_MSGSEND = YES;
				GCC_C_LANGUAGE_STANDARD = gnu11;
				GCC_NO_COMMON_BLOCKS = YES;
				GCC_WARN_64_TO_32_BIT_CONVERSION = YES;
				GCC_WARN_ABOUT_RETURN_TYPE = YES_ERROR;
				GCC_WARN_UNDECLARED_SELECTOR = YES;
				GCC_WARN_UNINITIALIZED_AUTOS = YES_AGGRESSIVE;
				GCC_WARN_UNUSED_FUNCTION = YES;
				GCC_WARN_UNUSED_VARIABLE = YES;
				IPHONEOS_DEPLOYMENT_TARGET = 11.4;
				MTL_ENABLE_DEBUG_INFO = NO;
				SDKROOT = iphoneos;
				VALIDATE_PRODUCT = YES;
			};
			name = Release;
		};
		528343B920BFE7E200EA3910 /* Debug */ = {
			isa = XCBuildConfiguration;
			baseConfigurationReference = DD754ABBFB80C1E1306DB599 /* Pods-Boom.debug.xcconfig */;
			buildSettings = {
				ASSETCATALOG_COMPILER_APPICON_NAME = AppIcon;
				CODE_SIGN_ENTITLEMENTS = Boom/Boom.entitlements;
				CODE_SIGN_STYLE = Automatic;
				DEVELOPMENT_TEAM = "";
				INFOPLIST_FILE = Boom/Info.plist;
				IPHONEOS_DEPLOYMENT_TARGET = 11.4;
				LD_RUNPATH_SEARCH_PATHS = (
					"$(inherited)",
					"@executable_path/Frameworks",
				);
				PRODUCT_BUNDLE_IDENTIFIER = com.boomware.Boom;
				PRODUCT_NAME = "$(TARGET_NAME)";
				TARGETED_DEVICE_FAMILY = "1,2";
			};
			name = Debug;
		};
		528343BA20BFE7E200EA3910 /* Release */ = {
			isa = XCBuildConfiguration;
			baseConfigurationReference = 3372CC4D2EE151442F9DF2D9 /* Pods-Boom.release.xcconfig */;
			buildSettings = {
				ASSETCATALOG_COMPILER_APPICON_NAME = AppIcon;
				CODE_SIGN_ENTITLEMENTS = Boom/Boom.entitlements;
				CODE_SIGN_STYLE = Automatic;
				DEVELOPMENT_TEAM = "";
				INFOPLIST_FILE = Boom/Info.plist;
				IPHONEOS_DEPLOYMENT_TARGET = 11.4;
				LD_RUNPATH_SEARCH_PATHS = (
					"$(inherited)",
					"@executable_path/Frameworks",
				);
				PRODUCT_BUNDLE_IDENTIFIER = com.boomware.Boom;
				PRODUCT_NAME = "$(TARGET_NAME)";
				TARGETED_DEVICE_FAMILY = "1,2";
			};
			name = Release;
		};
/* End XCBuildConfiguration section */

/* Begin XCConfigurationList section */
		5283439D20BFE7E100EA3910 /* Build configuration list for PBXProject "Boom" */ = {
			isa = XCConfigurationList;
			buildConfigurations = (
				528343B620BFE7E200EA3910 /* Debug */,
				528343B720BFE7E200EA3910 /* Release */,
			);
			defaultConfigurationIsVisible = 0;
			defaultConfigurationName = Release;
		};
		528343B820BFE7E200EA3910 /* Build configuration list for PBXNativeTarget "Boom" */ = {
			isa = XCConfigurationList;
			buildConfigurations = (
				528343B920BFE7E200EA3910 /* Debug */,
				528343BA20BFE7E200EA3910 /* Release */,
			);
			defaultConfigurationIsVisible = 0;
			defaultConfigurationName = Release;
		};
/* End XCConfigurationList section */
	};
	rootObject = 5283439A20BFE7E100EA3910 /* Project object */;
}
